// !$*UTF8*$!
{
	archiveVersion = 1;
	classes = {
	};
	objectVersion = 55;
	objects = {

/* Begin PBXBuildFile section */
		190EA152D6D0DC424E4E3D22 /* Pods_Nutrition_Analysis_Nutrition_AnalysisUITests.framework in Frameworks */ = {isa = PBXBuildFile; fileRef = 5D661DC4B921B086BAF1E927 /* Pods_Nutrition_Analysis_Nutrition_AnalysisUITests.framework */; };
		59FC7DD4862BDC343C9CCB3A /* Pods_Nutrition_AnalysisTests.framework in Frameworks */ = {isa = PBXBuildFile; fileRef = CC9AF1A6EEF1EA18303ACB92 /* Pods_Nutrition_AnalysisTests.framework */; };
		76A2292927733E820023F143 /* LoadingView.swift in Sources */ = {isa = PBXBuildFile; fileRef = 76A2292827733E820023F143 /* LoadingView.swift */; };
		76A72EC02771F750000A894B /* AppDelegate.swift in Sources */ = {isa = PBXBuildFile; fileRef = 76A72EBF2771F750000A894B /* AppDelegate.swift */; };
		76A72EC22771F750000A894B /* SceneDelegate.swift in Sources */ = {isa = PBXBuildFile; fileRef = 76A72EC12771F750000A894B /* SceneDelegate.swift */; };
		76A72EC72771F750000A894B /* Main.storyboard in Resources */ = {isa = PBXBuildFile; fileRef = 76A72EC52771F750000A894B /* Main.storyboard */; };
		76A72EC92771F751000A894B /* Assets.xcassets in Resources */ = {isa = PBXBuildFile; fileRef = 76A72EC82771F751000A894B /* Assets.xcassets */; };
		76A72ECC2771F751000A894B /* LaunchScreen.storyboard in Resources */ = {isa = PBXBuildFile; fileRef = 76A72ECA2771F751000A894B /* LaunchScreen.storyboard */; };
		76A72ED72771F752000A894B /* Nutrition_AnalysisTests.swift in Sources */ = {isa = PBXBuildFile; fileRef = 76A72ED62771F752000A894B /* Nutrition_AnalysisTests.swift */; };
		76A72EE12771F752000A894B /* Nutrition_AnalysisUITests.swift in Sources */ = {isa = PBXBuildFile; fileRef = 76A72EE02771F752000A894B /* Nutrition_AnalysisUITests.swift */; };
		76A72EE32771F752000A894B /* Nutrition_AnalysisUITestsLaunchTests.swift in Sources */ = {isa = PBXBuildFile; fileRef = 76A72EE22771F752000A894B /* Nutrition_AnalysisUITestsLaunchTests.swift */; };
		76CECAF727731A7B00A0119F /* DetailsAnalyzeView.swift in Sources */ = {isa = PBXBuildFile; fileRef = 76CECAF627731A7B00A0119F /* DetailsAnalyzeView.swift */; };
		76CECAF927731AA900A0119F /* DetailsAnalyzeView.xib in Resources */ = {isa = PBXBuildFile; fileRef = 76CECAF827731AA900A0119F /* DetailsAnalyzeView.xib */; };
		76CECAFC27731B7200A0119F /* NutritionTarget.swift in Sources */ = {isa = PBXBuildFile; fileRef = 76CECAFB27731B7200A0119F /* NutritionTarget.swift */; };
		76CECAFE27731DC500A0119F /* NutritionService.swift in Sources */ = {isa = PBXBuildFile; fileRef = 76CECAFD27731DC500A0119F /* NutritionService.swift */; };
		76CECB0327731EA300A0119F /* NutritionAnalyzeResponse.swift in Sources */ = {isa = PBXBuildFile; fileRef = 76CECB0227731EA300A0119F /* NutritionAnalyzeResponse.swift */; };
		76CECB0527731F1C00A0119F /* TotalNutrients.swift in Sources */ = {isa = PBXBuildFile; fileRef = 76CECB0427731F1C00A0119F /* TotalNutrients.swift */; };
		76CECB0727731F5700A0119F /* BaseModelDouble.swift in Sources */ = {isa = PBXBuildFile; fileRef = 76CECB0627731F5700A0119F /* BaseModelDouble.swift */; };
		76CECB0927731F8000A0119F /* BaseModelInt.swift in Sources */ = {isa = PBXBuildFile; fileRef = 76CECB0827731F8000A0119F /* BaseModelInt.swift */; };
		76CECB0B27731FA700A0119F /* TotalDaily.swift in Sources */ = {isa = PBXBuildFile; fileRef = 76CECB0A27731FA700A0119F /* TotalDaily.swift */; };
		76CECB0D27731FDA00A0119F /* TotalNutrientsKCal.swift in Sources */ = {isa = PBXBuildFile; fileRef = 76CECB0C27731FDA00A0119F /* TotalNutrientsKCal.swift */; };
		76CECB0F27731FFC00A0119F /* IngredientModel.swift in Sources */ = {isa = PBXBuildFile; fileRef = 76CECB0E27731FFC00A0119F /* IngredientModel.swift */; };
		76CECB12277320F200A0119F /* NutritionViewController.swift in Sources */ = {isa = PBXBuildFile; fileRef = 76CECB11277320F200A0119F /* NutritionViewController.swift */; };
		76CECB142773213100A0119F /* HomePageState.swift in Sources */ = {isa = PBXBuildFile; fileRef = 76CECB132773213100A0119F /* HomePageState.swift */; };
		76CECB17277322CF00A0119F /* IngredientTableViewCell.swift in Sources */ = {isa = PBXBuildFile; fileRef = 76CECB16277322CF00A0119F /* IngredientTableViewCell.swift */; };
		76CECB192773230900A0119F /* IngredientTableViewCell.xib in Resources */ = {isa = PBXBuildFile; fileRef = 76CECB182773230900A0119F /* IngredientTableViewCell.xib */; };
		76CECB1C2773237C00A0119F /* NutritionBuilder.swift in Sources */ = {isa = PBXBuildFile; fileRef = 76CECB1B2773237C00A0119F /* NutritionBuilder.swift */; };
		76CECB1F277323C700A0119F /* BaseCoordinator.swift in Sources */ = {isa = PBXBuildFile; fileRef = 76CECB1E277323C700A0119F /* BaseCoordinator.swift */; };
		76CECB21277323EF00A0119F /* NutritionCoordinator.swift in Sources */ = {isa = PBXBuildFile; fileRef = 76CECB20277323EF00A0119F /* NutritionCoordinator.swift */; };
		76CECB232773241D00A0119F /* NutritionDetailsState.swift in Sources */ = {isa = PBXBuildFile; fileRef = 76CECB222773241D00A0119F /* NutritionDetailsState.swift */; };
		76CECB27277324D200A0119F /* NewRecipeViewController.swift in Sources */ = {isa = PBXBuildFile; fileRef = 76CECB25277324D100A0119F /* NewRecipeViewController.swift */; };
		76CECB28277324D200A0119F /* NewRecipeViewController.xib in Resources */ = {isa = PBXBuildFile; fileRef = 76CECB26277324D100A0119F /* NewRecipeViewController.xib */; };
		76CECB2C277325A500A0119F /* NewIngredientViewController.swift in Sources */ = {isa = PBXBuildFile; fileRef = 76CECB2A277325A500A0119F /* NewIngredientViewController.swift */; };
		76CECB2D277325A500A0119F /* NewIngredientViewController.xib in Resources */ = {isa = PBXBuildFile; fileRef = 76CECB2B277325A500A0119F /* NewIngredientViewController.xib */; };
		76CECB312773262200A0119F /* AnalyzeDetailsViewController.swift in Sources */ = {isa = PBXBuildFile; fileRef = 76CECB2F2773262200A0119F /* AnalyzeDetailsViewController.swift */; };
		76CECB322773262200A0119F /* AnalyzeDetailsViewController.xib in Resources */ = {isa = PBXBuildFile; fileRef = 76CECB302773262200A0119F /* AnalyzeDetailsViewController.xib */; };
		76CECB352773273200A0119F /* UIView+Extension.swift in Sources */ = {isa = PBXBuildFile; fileRef = 76CECB342773273200A0119F /* UIView+Extension.swift */; };
		76CECB38277327E600A0119F /* NutritionViewModel.swift in Sources */ = {isa = PBXBuildFile; fileRef = 76CECB37277327E600A0119F /* NutritionViewModel.swift */; };
		76CECB3A277328B600A0119F /* UIViewController+Extension.swift in Sources */ = {isa = PBXBuildFile; fileRef = 76CECB39277328B600A0119F /* UIViewController+Extension.swift */; };
		76CECB5727732A6100A0119F /* BlurLayer.swift in Sources */ = {isa = PBXBuildFile; fileRef = 76CECB3F27732A6000A0119F /* BlurLayer.swift */; };
		76CECB5827732A6100A0119F /* CaptureQuality.swift in Sources */ = {isa = PBXBuildFile; fileRef = 76CECB4027732A6000A0119F /* CaptureQuality.swift */; };
		76CECB5927732A6100A0119F /* PresentationController.swift in Sources */ = {isa = PBXBuildFile; fileRef = 76CECB4127732A6000A0119F /* PresentationController.swift */; };
		76CECB5A27732A6100A0119F /* UIImage+Blur.swift in Sources */ = {isa = PBXBuildFile; fileRef = 76CECB4227732A6000A0119F /* UIImage+Blur.swift */; };
		76CECB5B27732A6100A0119F /* PopupDialogDefaultButtons.swift in Sources */ = {isa = PBXBuildFile; fileRef = 76CECB4327732A6000A0119F /* PopupDialogDefaultButtons.swift */; };
		76CECB5C27732A6100A0119F /* UIImageView+Calculations.swift in Sources */ = {isa = PBXBuildFile; fileRef = 76CECB4427732A6000A0119F /* UIImageView+Calculations.swift */; };
		76CECB5D27732A6100A0119F /* PopupDialog+Keyboard.swift in Sources */ = {isa = PBXBuildFile; fileRef = 76CECB4527732A6000A0119F /* PopupDialog+Keyboard.swift */; };
		76CECB5E27732A6100A0119F /* UIView+Animations.swift in Sources */ = {isa = PBXBuildFile; fileRef = 76CECB4627732A6000A0119F /* UIView+Animations.swift */; };
		76CECB5F27732A6100A0119F /* PopupDialogDefaultViewController.swift in Sources */ = {isa = PBXBuildFile; fileRef = 76CECB4727732A6000A0119F /* PopupDialogDefaultViewController.swift */; };
		76CECB6027732A6100A0119F /* CGImage+Accelerate.swift in Sources */ = {isa = PBXBuildFile; fileRef = 76CECB4827732A6000A0119F /* CGImage+Accelerate.swift */; };
		76CECB6127732A6100A0119F /* PopupDialogContainerView.swift in Sources */ = {isa = PBXBuildFile; fileRef = 76CECB4927732A6100A0119F /* PopupDialogContainerView.swift */; };
		76CECB6227732A6100A0119F /* PopupDialogButton.swift in Sources */ = {isa = PBXBuildFile; fileRef = 76CECB4A27732A6100A0119F /* PopupDialogButton.swift */; };
		76CECB6327732A6100A0119F /* TransitionAnimator.swift in Sources */ = {isa = PBXBuildFile; fileRef = 76CECB4B27732A6100A0119F /* TransitionAnimator.swift */; };
		76CECB6427732A6100A0119F /* PopupDialogDefaultView.swift in Sources */ = {isa = PBXBuildFile; fileRef = 76CECB4C27732A6100A0119F /* PopupDialogDefaultView.swift */; };
		76CECB6527732A6100A0119F /* PopupDialog.swift in Sources */ = {isa = PBXBuildFile; fileRef = 76CECB4D27732A6100A0119F /* PopupDialog.swift */; };
		76CECB6627732A6100A0119F /* InteractiveTransition.swift in Sources */ = {isa = PBXBuildFile; fileRef = 76CECB4E27732A6100A0119F /* InteractiveTransition.swift */; };
		76CECB6727732A6100A0119F /* CGContext+CGImage.swift in Sources */ = {isa = PBXBuildFile; fileRef = 76CECB4F27732A6100A0119F /* CGContext+CGImage.swift */; };
		76CECB6827732A6100A0119F /* PresentationManager.swift in Sources */ = {isa = PBXBuildFile; fileRef = 76CECB5027732A6100A0119F /* PresentationManager.swift */; };
		76CECB6927732A6100A0119F /* TrackingMode.swift in Sources */ = {isa = PBXBuildFile; fileRef = 76CECB5127732A6100A0119F /* TrackingMode.swift */; };
		76CECB6A27732A6100A0119F /* TransitionAnimations.swift in Sources */ = {isa = PBXBuildFile; fileRef = 76CECB5227732A6100A0119F /* TransitionAnimations.swift */; };
		76CECB6B27732A6100A0119F /* UIViewController+Visibility.swift in Sources */ = {isa = PBXBuildFile; fileRef = 76CECB5327732A6100A0119F /* UIViewController+Visibility.swift */; };
		76CECB6C27732A6100A0119F /* PopupDialogOverlayView.swift in Sources */ = {isa = PBXBuildFile; fileRef = 76CECB5427732A6100A0119F /* PopupDialogOverlayView.swift */; };
		76CECB6D27732A6100A0119F /* DynamicBlurView.swift in Sources */ = {isa = PBXBuildFile; fileRef = 76CECB5627732A6100A0119F /* DynamicBlurView.swift */; };
		ED47ADB0C8D97091ED50E16B /* Pods_Nutrition_Analysis.framework in Frameworks */ = {isa = PBXBuildFile; fileRef = 861662B4A4D0B044579164E3 /* Pods_Nutrition_Analysis.framework */; };
/* End PBXBuildFile section */

/* Begin PBXContainerItemProxy section */
		76A72ED32771F752000A894B /* PBXContainerItemProxy */ = {
			isa = PBXContainerItemProxy;
			containerPortal = 76A72EB42771F750000A894B /* Project object */;
			proxyType = 1;
			remoteGlobalIDString = 76A72EBB2771F750000A894B;
			remoteInfo = "Nutrition Analysis";
		};
		76A72EDD2771F752000A894B /* PBXContainerItemProxy */ = {
			isa = PBXContainerItemProxy;
			containerPortal = 76A72EB42771F750000A894B /* Project object */;
			proxyType = 1;
			remoteGlobalIDString = 76A72EBB2771F750000A894B;
			remoteInfo = "Nutrition Analysis";
		};
/* End PBXContainerItemProxy section */

/* Begin PBXFileReference section */
		11FA22FEB663845633E1B91D /* Pods-Nutrition AnalysisTests.release.xcconfig */ = {isa = PBXFileReference; includeInIndex = 1; lastKnownFileType = text.xcconfig; name = "Pods-Nutrition AnalysisTests.release.xcconfig"; path = "Target Support Files/Pods-Nutrition AnalysisTests/Pods-Nutrition AnalysisTests.release.xcconfig"; sourceTree = "<group>"; };
		5D661DC4B921B086BAF1E927 /* Pods_Nutrition_Analysis_Nutrition_AnalysisUITests.framework */ = {isa = PBXFileReference; explicitFileType = wrapper.framework; includeInIndex = 0; path = Pods_Nutrition_Analysis_Nutrition_AnalysisUITests.framework; sourceTree = BUILT_PRODUCTS_DIR; };
		601A2AA4B4BE45E5B6B19D31 /* Pods-Nutrition Analysis-Nutrition AnalysisUITests.release.xcconfig */ = {isa = PBXFileReference; includeInIndex = 1; lastKnownFileType = text.xcconfig; name = "Pods-Nutrition Analysis-Nutrition AnalysisUITests.release.xcconfig"; path = "Target Support Files/Pods-Nutrition Analysis-Nutrition AnalysisUITests/Pods-Nutrition Analysis-Nutrition AnalysisUITests.release.xcconfig"; sourceTree = "<group>"; };
		683D0841A87C03FE505244D8 /* Pods-Nutrition AnalysisTests.debug.xcconfig */ = {isa = PBXFileReference; includeInIndex = 1; lastKnownFileType = text.xcconfig; name = "Pods-Nutrition AnalysisTests.debug.xcconfig"; path = "Target Support Files/Pods-Nutrition AnalysisTests/Pods-Nutrition AnalysisTests.debug.xcconfig"; sourceTree = "<group>"; };
		76A2292827733E820023F143 /* LoadingView.swift */ = {isa = PBXFileReference; lastKnownFileType = sourcecode.swift; path = LoadingView.swift; sourceTree = "<group>"; };
		76A72EBC2771F750000A894B /* Nutrition Analysis.app */ = {isa = PBXFileReference; explicitFileType = wrapper.application; includeInIndex = 0; path = "Nutrition Analysis.app"; sourceTree = BUILT_PRODUCTS_DIR; };
		76A72EBF2771F750000A894B /* AppDelegate.swift */ = {isa = PBXFileReference; lastKnownFileType = sourcecode.swift; path = AppDelegate.swift; sourceTree = "<group>"; };
		76A72EC12771F750000A894B /* SceneDelegate.swift */ = {isa = PBXFileReference; lastKnownFileType = sourcecode.swift; path = SceneDelegate.swift; sourceTree = "<group>"; };
		76A72EC62771F750000A894B /* Base */ = {isa = PBXFileReference; lastKnownFileType = file.storyboard; name = Base; path = Base.lproj/Main.storyboard; sourceTree = "<group>"; };
		76A72EC82771F751000A894B /* Assets.xcassets */ = {isa = PBXFileReference; lastKnownFileType = folder.assetcatalog; path = Assets.xcassets; sourceTree = "<group>"; };
		76A72ECB2771F751000A894B /* Base */ = {isa = PBXFileReference; lastKnownFileType = file.storyboard; name = Base; path = Base.lproj/LaunchScreen.storyboard; sourceTree = "<group>"; };
		76A72ECD2771F751000A894B /* Info.plist */ = {isa = PBXFileReference; lastKnownFileType = text.plist.xml; path = Info.plist; sourceTree = "<group>"; };
		76A72ED22771F752000A894B /* Nutrition AnalysisTests.xctest */ = {isa = PBXFileReference; explicitFileType = wrapper.cfbundle; includeInIndex = 0; path = "Nutrition AnalysisTests.xctest"; sourceTree = BUILT_PRODUCTS_DIR; };
		76A72ED62771F752000A894B /* Nutrition_AnalysisTests.swift */ = {isa = PBXFileReference; lastKnownFileType = sourcecode.swift; path = Nutrition_AnalysisTests.swift; sourceTree = "<group>"; };
		76A72EDC2771F752000A894B /* Nutrition AnalysisUITests.xctest */ = {isa = PBXFileReference; explicitFileType = wrapper.cfbundle; includeInIndex = 0; path = "Nutrition AnalysisUITests.xctest"; sourceTree = BUILT_PRODUCTS_DIR; };
		76A72EE02771F752000A894B /* Nutrition_AnalysisUITests.swift */ = {isa = PBXFileReference; lastKnownFileType = sourcecode.swift; path = Nutrition_AnalysisUITests.swift; sourceTree = "<group>"; };
		76A72EE22771F752000A894B /* Nutrition_AnalysisUITestsLaunchTests.swift */ = {isa = PBXFileReference; lastKnownFileType = sourcecode.swift; path = Nutrition_AnalysisUITestsLaunchTests.swift; sourceTree = "<group>"; };
		76CECAF627731A7B00A0119F /* DetailsAnalyzeView.swift */ = {isa = PBXFileReference; lastKnownFileType = sourcecode.swift; path = DetailsAnalyzeView.swift; sourceTree = "<group>"; };
		76CECAF827731AA900A0119F /* DetailsAnalyzeView.xib */ = {isa = PBXFileReference; lastKnownFileType = file.xib; path = DetailsAnalyzeView.xib; sourceTree = "<group>"; };
		76CECAFB27731B7200A0119F /* NutritionTarget.swift */ = {isa = PBXFileReference; lastKnownFileType = sourcecode.swift; path = NutritionTarget.swift; sourceTree = "<group>"; };
		76CECAFD27731DC500A0119F /* NutritionService.swift */ = {isa = PBXFileReference; lastKnownFileType = sourcecode.swift; path = NutritionService.swift; sourceTree = "<group>"; };
		76CECB0227731EA300A0119F /* NutritionAnalyzeResponse.swift */ = {isa = PBXFileReference; lastKnownFileType = sourcecode.swift; path = NutritionAnalyzeResponse.swift; sourceTree = "<group>"; };
		76CECB0427731F1C00A0119F /* TotalNutrients.swift */ = {isa = PBXFileReference; lastKnownFileType = sourcecode.swift; path = TotalNutrients.swift; sourceTree = "<group>"; };
		76CECB0627731F5700A0119F /* BaseModelDouble.swift */ = {isa = PBXFileReference; lastKnownFileType = sourcecode.swift; path = BaseModelDouble.swift; sourceTree = "<group>"; };
		76CECB0827731F8000A0119F /* BaseModelInt.swift */ = {isa = PBXFileReference; lastKnownFileType = sourcecode.swift; path = BaseModelInt.swift; sourceTree = "<group>"; };
		76CECB0A27731FA700A0119F /* TotalDaily.swift */ = {isa = PBXFileReference; lastKnownFileType = sourcecode.swift; path = TotalDaily.swift; sourceTree = "<group>"; };
		76CECB0C27731FDA00A0119F /* TotalNutrientsKCal.swift */ = {isa = PBXFileReference; lastKnownFileType = sourcecode.swift; path = TotalNutrientsKCal.swift; sourceTree = "<group>"; };
		76CECB0E27731FFC00A0119F /* IngredientModel.swift */ = {isa = PBXFileReference; lastKnownFileType = sourcecode.swift; path = IngredientModel.swift; sourceTree = "<group>"; };
		76CECB11277320F200A0119F /* NutritionViewController.swift */ = {isa = PBXFileReference; lastKnownFileType = sourcecode.swift; path = NutritionViewController.swift; sourceTree = "<group>"; };
		76CECB132773213100A0119F /* HomePageState.swift */ = {isa = PBXFileReference; lastKnownFileType = sourcecode.swift; path = HomePageState.swift; sourceTree = "<group>"; };
		76CECB16277322CF00A0119F /* IngredientTableViewCell.swift */ = {isa = PBXFileReference; lastKnownFileType = sourcecode.swift; path = IngredientTableViewCell.swift; sourceTree = "<group>"; };
		76CECB182773230900A0119F /* IngredientTableViewCell.xib */ = {isa = PBXFileReference; lastKnownFileType = file.xib; path = IngredientTableViewCell.xib; sourceTree = "<group>"; };
		76CECB1B2773237C00A0119F /* NutritionBuilder.swift */ = {isa = PBXFileReference; lastKnownFileType = sourcecode.swift; path = NutritionBuilder.swift; sourceTree = "<group>"; };
		76CECB1E277323C700A0119F /* BaseCoordinator.swift */ = {isa = PBXFileReference; lastKnownFileType = sourcecode.swift; path = BaseCoordinator.swift; sourceTree = "<group>"; };
		76CECB20277323EF00A0119F /* NutritionCoordinator.swift */ = {isa = PBXFileReference; lastKnownFileType = sourcecode.swift; path = NutritionCoordinator.swift; sourceTree = "<group>"; };
		76CECB222773241D00A0119F /* NutritionDetailsState.swift */ = {isa = PBXFileReference; lastKnownFileType = sourcecode.swift; path = NutritionDetailsState.swift; sourceTree = "<group>"; };
		76CECB25277324D100A0119F /* NewRecipeViewController.swift */ = {isa = PBXFileReference; lastKnownFileType = sourcecode.swift; path = NewRecipeViewController.swift; sourceTree = "<group>"; };
		76CECB26277324D100A0119F /* NewRecipeViewController.xib */ = {isa = PBXFileReference; lastKnownFileType = file.xib; path = NewRecipeViewController.xib; sourceTree = "<group>"; };
		76CECB2A277325A500A0119F /* NewIngredientViewController.swift */ = {isa = PBXFileReference; lastKnownFileType = sourcecode.swift; path = NewIngredientViewController.swift; sourceTree = "<group>"; };
		76CECB2B277325A500A0119F /* NewIngredientViewController.xib */ = {isa = PBXFileReference; lastKnownFileType = file.xib; path = NewIngredientViewController.xib; sourceTree = "<group>"; };
		76CECB2F2773262200A0119F /* AnalyzeDetailsViewController.swift */ = {isa = PBXFileReference; lastKnownFileType = sourcecode.swift; path = AnalyzeDetailsViewController.swift; sourceTree = "<group>"; };
		76CECB302773262200A0119F /* AnalyzeDetailsViewController.xib */ = {isa = PBXFileReference; lastKnownFileType = file.xib; path = AnalyzeDetailsViewController.xib; sourceTree = "<group>"; };
		76CECB342773273200A0119F /* UIView+Extension.swift */ = {isa = PBXFileReference; lastKnownFileType = sourcecode.swift; path = "UIView+Extension.swift"; sourceTree = "<group>"; };
		76CECB37277327E600A0119F /* NutritionViewModel.swift */ = {isa = PBXFileReference; lastKnownFileType = sourcecode.swift; path = NutritionViewModel.swift; sourceTree = "<group>"; };
		76CECB39277328B600A0119F /* UIViewController+Extension.swift */ = {isa = PBXFileReference; lastKnownFileType = sourcecode.swift; path = "UIViewController+Extension.swift"; sourceTree = "<group>"; };
		76CECB3F27732A6000A0119F /* BlurLayer.swift */ = {isa = PBXFileReference; fileEncoding = 4; lastKnownFileType = sourcecode.swift; path = BlurLayer.swift; sourceTree = "<group>"; };
		76CECB4027732A6000A0119F /* CaptureQuality.swift */ = {isa = PBXFileReference; fileEncoding = 4; lastKnownFileType = sourcecode.swift; path = CaptureQuality.swift; sourceTree = "<group>"; };
		76CECB4127732A6000A0119F /* PresentationController.swift */ = {isa = PBXFileReference; fileEncoding = 4; lastKnownFileType = sourcecode.swift; path = PresentationController.swift; sourceTree = "<group>"; };
		76CECB4227732A6000A0119F /* UIImage+Blur.swift */ = {isa = PBXFileReference; fileEncoding = 4; lastKnownFileType = sourcecode.swift; path = "UIImage+Blur.swift"; sourceTree = "<group>"; };
		76CECB4327732A6000A0119F /* PopupDialogDefaultButtons.swift */ = {isa = PBXFileReference; fileEncoding = 4; lastKnownFileType = sourcecode.swift; path = PopupDialogDefaultButtons.swift; sourceTree = "<group>"; };
		76CECB4427732A6000A0119F /* UIImageView+Calculations.swift */ = {isa = PBXFileReference; fileEncoding = 4; lastKnownFileType = sourcecode.swift; path = "UIImageView+Calculations.swift"; sourceTree = "<group>"; };
		76CECB4527732A6000A0119F /* PopupDialog+Keyboard.swift */ = {isa = PBXFileReference; fileEncoding = 4; lastKnownFileType = sourcecode.swift; path = "PopupDialog+Keyboard.swift"; sourceTree = "<group>"; };
		76CECB4627732A6000A0119F /* UIView+Animations.swift */ = {isa = PBXFileReference; fileEncoding = 4; lastKnownFileType = sourcecode.swift; path = "UIView+Animations.swift"; sourceTree = "<group>"; };
		76CECB4727732A6000A0119F /* PopupDialogDefaultViewController.swift */ = {isa = PBXFileReference; fileEncoding = 4; lastKnownFileType = sourcecode.swift; path = PopupDialogDefaultViewController.swift; sourceTree = "<group>"; };
		76CECB4827732A6000A0119F /* CGImage+Accelerate.swift */ = {isa = PBXFileReference; fileEncoding = 4; lastKnownFileType = sourcecode.swift; path = "CGImage+Accelerate.swift"; sourceTree = "<group>"; };
		76CECB4927732A6100A0119F /* PopupDialogContainerView.swift */ = {isa = PBXFileReference; fileEncoding = 4; lastKnownFileType = sourcecode.swift; path = PopupDialogContainerView.swift; sourceTree = "<group>"; };
		76CECB4A27732A6100A0119F /* PopupDialogButton.swift */ = {isa = PBXFileReference; fileEncoding = 4; lastKnownFileType = sourcecode.swift; path = PopupDialogButton.swift; sourceTree = "<group>"; };
		76CECB4B27732A6100A0119F /* TransitionAnimator.swift */ = {isa = PBXFileReference; fileEncoding = 4; lastKnownFileType = sourcecode.swift; path = TransitionAnimator.swift; sourceTree = "<group>"; };
		76CECB4C27732A6100A0119F /* PopupDialogDefaultView.swift */ = {isa = PBXFileReference; fileEncoding = 4; lastKnownFileType = sourcecode.swift; path = PopupDialogDefaultView.swift; sourceTree = "<group>"; };
		76CECB4D27732A6100A0119F /* PopupDialog.swift */ = {isa = PBXFileReference; fileEncoding = 4; lastKnownFileType = sourcecode.swift; path = PopupDialog.swift; sourceTree = "<group>"; };
		76CECB4E27732A6100A0119F /* InteractiveTransition.swift */ = {isa = PBXFileReference; fileEncoding = 4; lastKnownFileType = sourcecode.swift; path = InteractiveTransition.swift; sourceTree = "<group>"; };
		76CECB4F27732A6100A0119F /* CGContext+CGImage.swift */ = {isa = PBXFileReference; fileEncoding = 4; lastKnownFileType = sourcecode.swift; path = "CGContext+CGImage.swift"; sourceTree = "<group>"; };
		76CECB5027732A6100A0119F /* PresentationManager.swift */ = {isa = PBXFileReference; fileEncoding = 4; lastKnownFileType = sourcecode.swift; path = PresentationManager.swift; sourceTree = "<group>"; };
		76CECB5127732A6100A0119F /* TrackingMode.swift */ = {isa = PBXFileReference; fileEncoding = 4; lastKnownFileType = sourcecode.swift; path = TrackingMode.swift; sourceTree = "<group>"; };
		76CECB5227732A6100A0119F /* TransitionAnimations.swift */ = {isa = PBXFileReference; fileEncoding = 4; lastKnownFileType = sourcecode.swift; path = TransitionAnimations.swift; sourceTree = "<group>"; };
		76CECB5327732A6100A0119F /* UIViewController+Visibility.swift */ = {isa = PBXFileReference; fileEncoding = 4; lastKnownFileType = sourcecode.swift; path = "UIViewController+Visibility.swift"; sourceTree = "<group>"; };
		76CECB5427732A6100A0119F /* PopupDialogOverlayView.swift */ = {isa = PBXFileReference; fileEncoding = 4; lastKnownFileType = sourcecode.swift; path = PopupDialogOverlayView.swift; sourceTree = "<group>"; };
		76CECB5527732A6100A0119F /* DynamicBlurView.h */ = {isa = PBXFileReference; fileEncoding = 4; lastKnownFileType = sourcecode.c.h; path = DynamicBlurView.h; sourceTree = "<group>"; };
		76CECB5627732A6100A0119F /* DynamicBlurView.swift */ = {isa = PBXFileReference; fileEncoding = 4; lastKnownFileType = sourcecode.swift; path = DynamicBlurView.swift; sourceTree = "<group>"; };
		861662B4A4D0B044579164E3 /* Pods_Nutrition_Analysis.framework */ = {isa = PBXFileReference; explicitFileType = wrapper.framework; includeInIndex = 0; path = Pods_Nutrition_Analysis.framework; sourceTree = BUILT_PRODUCTS_DIR; };
		86A360DC21BF160081C3821E /* Pods-Nutrition Analysis.release.xcconfig */ = {isa = PBXFileReference; includeInIndex = 1; lastKnownFileType = text.xcconfig; name = "Pods-Nutrition Analysis.release.xcconfig"; path = "Target Support Files/Pods-Nutrition Analysis/Pods-Nutrition Analysis.release.xcconfig"; sourceTree = "<group>"; };
		CC9AF1A6EEF1EA18303ACB92 /* Pods_Nutrition_AnalysisTests.framework */ = {isa = PBXFileReference; explicitFileType = wrapper.framework; includeInIndex = 0; path = Pods_Nutrition_AnalysisTests.framework; sourceTree = BUILT_PRODUCTS_DIR; };
		F3C283B9D6BC62B9AE926647 /* Pods-Nutrition Analysis-Nutrition AnalysisUITests.debug.xcconfig */ = {isa = PBXFileReference; includeInIndex = 1; lastKnownFileType = text.xcconfig; name = "Pods-Nutrition Analysis-Nutrition AnalysisUITests.debug.xcconfig"; path = "Target Support Files/Pods-Nutrition Analysis-Nutrition AnalysisUITests/Pods-Nutrition Analysis-Nutrition AnalysisUITests.debug.xcconfig"; sourceTree = "<group>"; };
		F43B82CCA693C1AFB6909789 /* Pods-Nutrition Analysis.debug.xcconfig */ = {isa = PBXFileReference; includeInIndex = 1; lastKnownFileType = text.xcconfig; name = "Pods-Nutrition Analysis.debug.xcconfig"; path = "Target Support Files/Pods-Nutrition Analysis/Pods-Nutrition Analysis.debug.xcconfig"; sourceTree = "<group>"; };
/* End PBXFileReference section */

/* Begin PBXFrameworksBuildPhase section */
		76A72EB92771F750000A894B /* Frameworks */ = {
			isa = PBXFrameworksBuildPhase;
			buildActionMask = 2147483647;
			files = (
				ED47ADB0C8D97091ED50E16B /* Pods_Nutrition_Analysis.framework in Frameworks */,
			);
			runOnlyForDeploymentPostprocessing = 0;
		};
		76A72ECF2771F752000A894B /* Frameworks */ = {
			isa = PBXFrameworksBuildPhase;
			buildActionMask = 2147483647;
			files = (
				59FC7DD4862BDC343C9CCB3A /* Pods_Nutrition_AnalysisTests.framework in Frameworks */,
			);
			runOnlyForDeploymentPostprocessing = 0;
		};
		76A72ED92771F752000A894B /* Frameworks */ = {
			isa = PBXFrameworksBuildPhase;
			buildActionMask = 2147483647;
			files = (
				190EA152D6D0DC424E4E3D22 /* Pods_Nutrition_Analysis_Nutrition_AnalysisUITests.framework in Frameworks */,
			);
			runOnlyForDeploymentPostprocessing = 0;
		};
/* End PBXFrameworksBuildPhase section */

/* Begin PBXGroup section */
		76A72EB32771F750000A894B = {
			isa = PBXGroup;
			children = (
				76A72EBE2771F750000A894B /* Nutrition Analysis */,
				76A72ED52771F752000A894B /* Nutrition AnalysisTests */,
				76A72EDF2771F752000A894B /* Nutrition AnalysisUITests */,
				76A72EBD2771F750000A894B /* Products */,
				B942B69F264B25BA27212B08 /* Pods */,
				E480A300F728D613EC5F65B7 /* Frameworks */,
			);
			sourceTree = "<group>";
		};
		76A72EBD2771F750000A894B /* Products */ = {
			isa = PBXGroup;
			children = (
				76A72EBC2771F750000A894B /* Nutrition Analysis.app */,
				76A72ED22771F752000A894B /* Nutrition AnalysisTests.xctest */,
				76A72EDC2771F752000A894B /* Nutrition AnalysisUITests.xctest */,
			);
			name = Products;
			sourceTree = "<group>";
		};
		76A72EBE2771F750000A894B /* Nutrition Analysis */ = {
			isa = PBXGroup;
			children = (
				76CECB3E27732A0D00A0119F /* Popup */,
				76CECB33277326D700A0119F /* Extensions  */,
				76CECAF527731A2900A0119F /* Views */,
				76CECAFA27731B4700A0119F /* Network */,
				76CECAFF27731E4300A0119F /* Modules */,
				76A72EBF2771F750000A894B /* AppDelegate.swift */,
				76A72EC12771F750000A894B /* SceneDelegate.swift */,
				76A72EC52771F750000A894B /* Main.storyboard */,
				76A72EC82771F751000A894B /* Assets.xcassets */,
				76A72ECA2771F751000A894B /* LaunchScreen.storyboard */,
				76A72ECD2771F751000A894B /* Info.plist */,
			);
			path = "Nutrition Analysis";
			sourceTree = "<group>";
		};
		76A72ED52771F752000A894B /* Nutrition AnalysisTests */ = {
			isa = PBXGroup;
			children = (
				76A72ED62771F752000A894B /* Nutrition_AnalysisTests.swift */,
			);
			path = "Nutrition AnalysisTests";
			sourceTree = "<group>";
		};
		76A72EDF2771F752000A894B /* Nutrition AnalysisUITests */ = {
			isa = PBXGroup;
			children = (
				76A72EE02771F752000A894B /* Nutrition_AnalysisUITests.swift */,
				76A72EE22771F752000A894B /* Nutrition_AnalysisUITestsLaunchTests.swift */,
			);
			path = "Nutrition AnalysisUITests";
			sourceTree = "<group>";
		};
		76CECAF527731A2900A0119F /* Views */ = {
			isa = PBXGroup;
			children = (
				76CECAF627731A7B00A0119F /* DetailsAnalyzeView.swift */,
				76CECAF827731AA900A0119F /* DetailsAnalyzeView.xib */,
			);
			path = Views;
			sourceTree = "<group>";
		};
		76CECAFA27731B4700A0119F /* Network */ = {
			isa = PBXGroup;
			children = (
				76CECAFB27731B7200A0119F /* NutritionTarget.swift */,
				76CECAFD27731DC500A0119F /* NutritionService.swift */,
			);
			path = Network;
			sourceTree = "<group>";
		};
		76CECAFF27731E4300A0119F /* Modules */ = {
			isa = PBXGroup;
			children = (
				76CECB2E2773260100A0119F /* AnalyzeDetails */,
				76CECB292773258C00A0119F /* NewIngredient */,
				76CECB242773248100A0119F /* NewRecipe */,
				76CECB0027731E7D00A0119F /* Nutrition */,
			);
			path = Modules;
			sourceTree = "<group>";
		};
		76CECB0027731E7D00A0119F /* Nutrition */ = {
			isa = PBXGroup;
			children = (
				76CECB36277327D400A0119F /* ViewModel */,
				76CECB1D277323A400A0119F /* Coordinator */,
				76CECB1A2773236500A0119F /* Builder */,
				76CECB15277322B100A0119F /* Cells */,
				76CECB10277320C200A0119F /* View */,
				76CECB0127731E8D00A0119F /* Model */,
			);
			path = Nutrition;
			sourceTree = "<group>";
		};
		76CECB0127731E8D00A0119F /* Model */ = {
			isa = PBXGroup;
			children = (
				76CECB0627731F5700A0119F /* BaseModelDouble.swift */,
				76CECB0827731F8000A0119F /* BaseModelInt.swift */,
				76CECB0227731EA300A0119F /* NutritionAnalyzeResponse.swift */,
				76CECB0427731F1C00A0119F /* TotalNutrients.swift */,
				76CECB0A27731FA700A0119F /* TotalDaily.swift */,
				76CECB0C27731FDA00A0119F /* TotalNutrientsKCal.swift */,
				76CECB0E27731FFC00A0119F /* IngredientModel.swift */,
				76CECB132773213100A0119F /* HomePageState.swift */,
				76CECB222773241D00A0119F /* NutritionDetailsState.swift */,
			);
			path = Model;
			sourceTree = "<group>";
		};
		76CECB10277320C200A0119F /* View */ = {
			isa = PBXGroup;
			children = (
				76CECB11277320F200A0119F /* NutritionViewController.swift */,
				76A2292827733E820023F143 /* LoadingView.swift */,
			);
			path = View;
			sourceTree = "<group>";
		};
		76CECB15277322B100A0119F /* Cells */ = {
			isa = PBXGroup;
			children = (
				76CECB16277322CF00A0119F /* IngredientTableViewCell.swift */,
				76CECB182773230900A0119F /* IngredientTableViewCell.xib */,
			);
			path = Cells;
			sourceTree = "<group>";
		};
		76CECB1A2773236500A0119F /* Builder */ = {
			isa = PBXGroup;
			children = (
				76CECB1B2773237C00A0119F /* NutritionBuilder.swift */,
			);
			path = Builder;
			sourceTree = "<group>";
		};
		76CECB1D277323A400A0119F /* Coordinator */ = {
			isa = PBXGroup;
			children = (
				76CECB1E277323C700A0119F /* BaseCoordinator.swift */,
				76CECB20277323EF00A0119F /* NutritionCoordinator.swift */,
			);
			path = Coordinator;
			sourceTree = "<group>";
		};
		76CECB242773248100A0119F /* NewRecipe */ = {
			isa = PBXGroup;
			children = (
				76CECB25277324D100A0119F /* NewRecipeViewController.swift */,
				76CECB26277324D100A0119F /* NewRecipeViewController.xib */,
			);
			path = NewRecipe;
			sourceTree = "<group>";
		};
		76CECB292773258C00A0119F /* NewIngredient */ = {
			isa = PBXGroup;
			children = (
				76CECB2A277325A500A0119F /* NewIngredientViewController.swift */,
				76CECB2B277325A500A0119F /* NewIngredientViewController.xib */,
			);
			path = NewIngredient;
			sourceTree = "<group>";
		};
		76CECB2E2773260100A0119F /* AnalyzeDetails */ = {
			isa = PBXGroup;
			children = (
				76CECB2F2773262200A0119F /* AnalyzeDetailsViewController.swift */,
				76CECB302773262200A0119F /* AnalyzeDetailsViewController.xib */,
			);
			path = AnalyzeDetails;
			sourceTree = "<group>";
		};
		76CECB33277326D700A0119F /* Extensions  */ = {
			isa = PBXGroup;
			children = (
				76CECB342773273200A0119F /* UIView+Extension.swift */,
				76CECB39277328B600A0119F /* UIViewController+Extension.swift */,
			);
			path = "Extensions ";
			sourceTree = "<group>";
		};
		76CECB36277327D400A0119F /* ViewModel */ = {
			isa = PBXGroup;
			children = (
				76CECB37277327E600A0119F /* NutritionViewModel.swift */,
			);
			path = ViewModel;
			sourceTree = "<group>";
		};
		76CECB3E27732A0D00A0119F /* Popup */ = {
			isa = PBXGroup;
			children = (
				76CECB3F27732A6000A0119F /* BlurLayer.swift */,
				76CECB4027732A6000A0119F /* CaptureQuality.swift */,
				76CECB4F27732A6100A0119F /* CGContext+CGImage.swift */,
				76CECB4827732A6000A0119F /* CGImage+Accelerate.swift */,
				76CECB5527732A6100A0119F /* DynamicBlurView.h */,
				76CECB5627732A6100A0119F /* DynamicBlurView.swift */,
				76CECB4E27732A6100A0119F /* InteractiveTransition.swift */,
				76CECB4D27732A6100A0119F /* PopupDialog.swift */,
				76CECB4527732A6000A0119F /* PopupDialog+Keyboard.swift */,
				76CECB4A27732A6100A0119F /* PopupDialogButton.swift */,
				76CECB4927732A6100A0119F /* PopupDialogContainerView.swift */,
				76CECB4327732A6000A0119F /* PopupDialogDefaultButtons.swift */,
				76CECB4C27732A6100A0119F /* PopupDialogDefaultView.swift */,
				76CECB4727732A6000A0119F /* PopupDialogDefaultViewController.swift */,
				76CECB5427732A6100A0119F /* PopupDialogOverlayView.swift */,
				76CECB4127732A6000A0119F /* PresentationController.swift */,
				76CECB5027732A6100A0119F /* PresentationManager.swift */,
				76CECB5127732A6100A0119F /* TrackingMode.swift */,
				76CECB5227732A6100A0119F /* TransitionAnimations.swift */,
				76CECB4B27732A6100A0119F /* TransitionAnimator.swift */,
				76CECB4227732A6000A0119F /* UIImage+Blur.swift */,
				76CECB4427732A6000A0119F /* UIImageView+Calculations.swift */,
				76CECB4627732A6000A0119F /* UIView+Animations.swift */,
				76CECB5327732A6100A0119F /* UIViewController+Visibility.swift */,
			);
			path = Popup;
			sourceTree = "<group>";
		};
		B942B69F264B25BA27212B08 /* Pods */ = {
			isa = PBXGroup;
			children = (
				F43B82CCA693C1AFB6909789 /* Pods-Nutrition Analysis.debug.xcconfig */,
				86A360DC21BF160081C3821E /* Pods-Nutrition Analysis.release.xcconfig */,
				F3C283B9D6BC62B9AE926647 /* Pods-Nutrition Analysis-Nutrition AnalysisUITests.debug.xcconfig */,
				601A2AA4B4BE45E5B6B19D31 /* Pods-Nutrition Analysis-Nutrition AnalysisUITests.release.xcconfig */,
				683D0841A87C03FE505244D8 /* Pods-Nutrition AnalysisTests.debug.xcconfig */,
				11FA22FEB663845633E1B91D /* Pods-Nutrition AnalysisTests.release.xcconfig */,
			);
			path = Pods;
			sourceTree = "<group>";
		};
		E480A300F728D613EC5F65B7 /* Frameworks */ = {
			isa = PBXGroup;
			children = (
				861662B4A4D0B044579164E3 /* Pods_Nutrition_Analysis.framework */,
				5D661DC4B921B086BAF1E927 /* Pods_Nutrition_Analysis_Nutrition_AnalysisUITests.framework */,
				CC9AF1A6EEF1EA18303ACB92 /* Pods_Nutrition_AnalysisTests.framework */,
			);
			name = Frameworks;
			sourceTree = "<group>";
		};
/* End PBXGroup section */

/* Begin PBXNativeTarget section */
		76A72EBB2771F750000A894B /* Nutrition Analysis */ = {
			isa = PBXNativeTarget;
			buildConfigurationList = 76A72EE62771F752000A894B /* Build configuration list for PBXNativeTarget "Nutrition Analysis" */;
			buildPhases = (
				5F47428C0BD69EE19233578B /* [CP] Check Pods Manifest.lock */,
				76A72EB82771F750000A894B /* Sources */,
				76A72EB92771F750000A894B /* Frameworks */,
				76A72EBA2771F750000A894B /* Resources */,
				742976D7029B0474BCCF0338 /* [CP] Embed Pods Frameworks */,
			);
			buildRules = (
			);
			dependencies = (
			);
			name = "Nutrition Analysis";
			productName = "Nutrition Analysis";
			productReference = 76A72EBC2771F750000A894B /* Nutrition Analysis.app */;
			productType = "com.apple.product-type.application";
		};
		76A72ED12771F752000A894B /* Nutrition AnalysisTests */ = {
			isa = PBXNativeTarget;
			buildConfigurationList = 76A72EE92771F752000A894B /* Build configuration list for PBXNativeTarget "Nutrition AnalysisTests" */;
			buildPhases = (
				762C301F1FB836F621158481 /* [CP] Check Pods Manifest.lock */,
				76A72ECE2771F752000A894B /* Sources */,
				76A72ECF2771F752000A894B /* Frameworks */,
				76A72ED02771F752000A894B /* Resources */,
			);
			buildRules = (
			);
			dependencies = (
				76A72ED42771F752000A894B /* PBXTargetDependency */,
			);
			name = "Nutrition AnalysisTests";
			productName = "Nutrition AnalysisTests";
			productReference = 76A72ED22771F752000A894B /* Nutrition AnalysisTests.xctest */;
			productType = "com.apple.product-type.bundle.unit-test";
		};
		76A72EDB2771F752000A894B /* Nutrition AnalysisUITests */ = {
			isa = PBXNativeTarget;
			buildConfigurationList = 76A72EEC2771F752000A894B /* Build configuration list for PBXNativeTarget "Nutrition AnalysisUITests" */;
			buildPhases = (
				664B0D153E7FA38626AFFA2E /* [CP] Check Pods Manifest.lock */,
				76A72ED82771F752000A894B /* Sources */,
				76A72ED92771F752000A894B /* Frameworks */,
				76A72EDA2771F752000A894B /* Resources */,
				6B7F93D5F73D37280278BC89 /* [CP] Embed Pods Frameworks */,
			);
			buildRules = (
			);
			dependencies = (
				76A72EDE2771F752000A894B /* PBXTargetDependency */,
			);
			name = "Nutrition AnalysisUITests";
			productName = "Nutrition AnalysisUITests";
			productReference = 76A72EDC2771F752000A894B /* Nutrition AnalysisUITests.xctest */;
			productType = "com.apple.product-type.bundle.ui-testing";
		};
/* End PBXNativeTarget section */

/* Begin PBXProject section */
		76A72EB42771F750000A894B /* Project object */ = {
			isa = PBXProject;
			attributes = {
				BuildIndependentTargetsInParallel = 1;
				LastSwiftUpdateCheck = 1300;
				LastUpgradeCheck = 1300;
				TargetAttributes = {
					76A72EBB2771F750000A894B = {
						CreatedOnToolsVersion = 13.0;
					};
					76A72ED12771F752000A894B = {
						CreatedOnToolsVersion = 13.0;
						TestTargetID = 76A72EBB2771F750000A894B;
					};
					76A72EDB2771F752000A894B = {
						CreatedOnToolsVersion = 13.0;
						TestTargetID = 76A72EBB2771F750000A894B;
					};
				};
			};
			buildConfigurationList = 76A72EB72771F750000A894B /* Build configuration list for PBXProject "Nutrition Analysis" */;
			compatibilityVersion = "Xcode 13.0";
			developmentRegion = en;
			hasScannedForEncodings = 0;
			knownRegions = (
				en,
				Base,
			);
			mainGroup = 76A72EB32771F750000A894B;
			productRefGroup = 76A72EBD2771F750000A894B /* Products */;
			projectDirPath = "";
			projectRoot = "";
			targets = (
				76A72EBB2771F750000A894B /* Nutrition Analysis */,
				76A72ED12771F752000A894B /* Nutrition AnalysisTests */,
				76A72EDB2771F752000A894B /* Nutrition AnalysisUITests */,
			);
		};
/* End PBXProject section */

/* Begin PBXResourcesBuildPhase section */
		76A72EBA2771F750000A894B /* Resources */ = {
			isa = PBXResourcesBuildPhase;
			buildActionMask = 2147483647;
			files = (
				76CECB192773230900A0119F /* IngredientTableViewCell.xib in Resources */,
				76CECB2D277325A500A0119F /* NewIngredientViewController.xib in Resources */,
				76CECAF927731AA900A0119F /* DetailsAnalyzeView.xib in Resources */,
				76A72ECC2771F751000A894B /* LaunchScreen.storyboard in Resources */,
				76CECB322773262200A0119F /* AnalyzeDetailsViewController.xib in Resources */,
				76A72EC92771F751000A894B /* Assets.xcassets in Resources */,
				76A72EC72771F750000A894B /* Main.storyboard in Resources */,
				76CECB28277324D200A0119F /* NewRecipeViewController.xib in Resources */,
			);
			runOnlyForDeploymentPostprocessing = 0;
		};
		76A72ED02771F752000A894B /* Resources */ = {
			isa = PBXResourcesBuildPhase;
			buildActionMask = 2147483647;
			files = (
			);
			runOnlyForDeploymentPostprocessing = 0;
		};
		76A72EDA2771F752000A894B /* Resources */ = {
			isa = PBXResourcesBuildPhase;
			buildActionMask = 2147483647;
			files = (
			);
			runOnlyForDeploymentPostprocessing = 0;
		};
/* End PBXResourcesBuildPhase section */

/* Begin PBXShellScriptBuildPhase section */
		5F47428C0BD69EE19233578B /* [CP] Check Pods Manifest.lock */ = {
			isa = PBXShellScriptBuildPhase;
			buildActionMask = 2147483647;
			files = (
			);
			inputFileListPaths = (
			);
			inputPaths = (
				"${PODS_PODFILE_DIR_PATH}/Podfile.lock",
				"${PODS_ROOT}/Manifest.lock",
			);
			name = "[CP] Check Pods Manifest.lock";
			outputFileListPaths = (
			);
			outputPaths = (
				"$(DERIVED_FILE_DIR)/Pods-Nutrition Analysis-checkManifestLockResult.txt",
			);
			runOnlyForDeploymentPostprocessing = 0;
			shellPath = /bin/sh;
			shellScript = "diff \"${PODS_PODFILE_DIR_PATH}/Podfile.lock\" \"${PODS_ROOT}/Manifest.lock\" > /dev/null\nif [ $? != 0 ] ; then\n    # print error to STDERR\n    echo \"error: The sandbox is not in sync with the Podfile.lock. Run 'pod install' or update your CocoaPods installation.\" >&2\n    exit 1\nfi\n# This output is used by Xcode 'outputs' to avoid re-running this script phase.\necho \"SUCCESS\" > \"${SCRIPT_OUTPUT_FILE_0}\"\n";
			showEnvVarsInLog = 0;
		};
		664B0D153E7FA38626AFFA2E /* [CP] Check Pods Manifest.lock */ = {
			isa = PBXShellScriptBuildPhase;
			buildActionMask = 2147483647;
			files = (
			);
			inputFileListPaths = (
			);
			inputPaths = (
				"${PODS_PODFILE_DIR_PATH}/Podfile.lock",
				"${PODS_ROOT}/Manifest.lock",
			);
			name = "[CP] Check Pods Manifest.lock";
			outputFileListPaths = (
			);
			outputPaths = (
				"$(DERIVED_FILE_DIR)/Pods-Nutrition Analysis-Nutrition AnalysisUITests-checkManifestLockResult.txt",
			);
			runOnlyForDeploymentPostprocessing = 0;
			shellPath = /bin/sh;
			shellScript = "diff \"${PODS_PODFILE_DIR_PATH}/Podfile.lock\" \"${PODS_ROOT}/Manifest.lock\" > /dev/null\nif [ $? != 0 ] ; then\n    # print error to STDERR\n    echo \"error: The sandbox is not in sync with the Podfile.lock. Run 'pod install' or update your CocoaPods installation.\" >&2\n    exit 1\nfi\n# This output is used by Xcode 'outputs' to avoid re-running this script phase.\necho \"SUCCESS\" > \"${SCRIPT_OUTPUT_FILE_0}\"\n";
			showEnvVarsInLog = 0;
		};
		6B7F93D5F73D37280278BC89 /* [CP] Embed Pods Frameworks */ = {
			isa = PBXShellScriptBuildPhase;
			buildActionMask = 2147483647;
			files = (
			);
			inputFileListPaths = (
				"${PODS_ROOT}/Target Support Files/Pods-Nutrition Analysis-Nutrition AnalysisUITests/Pods-Nutrition Analysis-Nutrition AnalysisUITests-frameworks-${CONFIGURATION}-input-files.xcfilelist",
			);
			name = "[CP] Embed Pods Frameworks";
			outputFileListPaths = (
				"${PODS_ROOT}/Target Support Files/Pods-Nutrition Analysis-Nutrition AnalysisUITests/Pods-Nutrition Analysis-Nutrition AnalysisUITests-frameworks-${CONFIGURATION}-output-files.xcfilelist",
			);
			runOnlyForDeploymentPostprocessing = 0;
			shellPath = /bin/sh;
			shellScript = "\"${PODS_ROOT}/Target Support Files/Pods-Nutrition Analysis-Nutrition AnalysisUITests/Pods-Nutrition Analysis-Nutrition AnalysisUITests-frameworks.sh\"\n";
			showEnvVarsInLog = 0;
		};
		742976D7029B0474BCCF0338 /* [CP] Embed Pods Frameworks */ = {
			isa = PBXShellScriptBuildPhase;
			buildActionMask = 2147483647;
			files = (
			);
			inputFileListPaths = (
				"${PODS_ROOT}/Target Support Files/Pods-Nutrition Analysis/Pods-Nutrition Analysis-frameworks-${CONFIGURATION}-input-files.xcfilelist",
			);
			name = "[CP] Embed Pods Frameworks";
			outputFileListPaths = (
				"${PODS_ROOT}/Target Support Files/Pods-Nutrition Analysis/Pods-Nutrition Analysis-frameworks-${CONFIGURATION}-output-files.xcfilelist",
			);
			runOnlyForDeploymentPostprocessing = 0;
			shellPath = /bin/sh;
			shellScript = "\"${PODS_ROOT}/Target Support Files/Pods-Nutrition Analysis/Pods-Nutrition Analysis-frameworks.sh\"\n";
			showEnvVarsInLog = 0;
		};
		762C301F1FB836F621158481 /* [CP] Check Pods Manifest.lock */ = {
			isa = PBXShellScriptBuildPhase;
			buildActionMask = 2147483647;
			files = (
			);
			inputFileListPaths = (
			);
			inputPaths = (
				"${PODS_PODFILE_DIR_PATH}/Podfile.lock",
				"${PODS_ROOT}/Manifest.lock",
			);
			name = "[CP] Check Pods Manifest.lock";
			outputFileListPaths = (
			);
			outputPaths = (
				"$(DERIVED_FILE_DIR)/Pods-Nutrition AnalysisTests-checkManifestLockResult.txt",
			);
			runOnlyForDeploymentPostprocessing = 0;
			shellPath = /bin/sh;
			shellScript = "diff \"${PODS_PODFILE_DIR_PATH}/Podfile.lock\" \"${PODS_ROOT}/Manifest.lock\" > /dev/null\nif [ $? != 0 ] ; then\n    # print error to STDERR\n    echo \"error: The sandbox is not in sync with the Podfile.lock. Run 'pod install' or update your CocoaPods installation.\" >&2\n    exit 1\nfi\n# This output is used by Xcode 'outputs' to avoid re-running this script phase.\necho \"SUCCESS\" > \"${SCRIPT_OUTPUT_FILE_0}\"\n";
			showEnvVarsInLog = 0;
		};
/* End PBXShellScriptBuildPhase section */

/* Begin PBXSourcesBuildPhase section */
		76A72EB82771F750000A894B /* Sources */ = {
			isa = PBXSourcesBuildPhase;
			buildActionMask = 2147483647;
			files = (
				76CECB0927731F8000A0119F /* BaseModelInt.swift in Sources */,
				76A72EC02771F750000A894B /* AppDelegate.swift in Sources */,
				76CECB2C277325A500A0119F /* NewIngredientViewController.swift in Sources */,
				76CECB6727732A6100A0119F /* CGContext+CGImage.swift in Sources */,
				76CECB5F27732A6100A0119F /* PopupDialogDefaultViewController.swift in Sources */,
				76CECB6927732A6100A0119F /* TrackingMode.swift in Sources */,
				76CECB6627732A6100A0119F /* InteractiveTransition.swift in Sources */,
				76CECB38277327E600A0119F /* NutritionViewModel.swift in Sources */,
				76CECB5C27732A6100A0119F /* UIImageView+Calculations.swift in Sources */,
				76CECB232773241D00A0119F /* NutritionDetailsState.swift in Sources */,
				76CECB6A27732A6100A0119F /* TransitionAnimations.swift in Sources */,
				76CECB0F27731FFC00A0119F /* IngredientModel.swift in Sources */,
				76A2292927733E820023F143 /* LoadingView.swift in Sources */,
				76CECB6527732A6100A0119F /* PopupDialog.swift in Sources */,
				76CECB0527731F1C00A0119F /* TotalNutrients.swift in Sources */,
				76CECB1C2773237C00A0119F /* NutritionBuilder.swift in Sources */,
				76CECB5A27732A6100A0119F /* UIImage+Blur.swift in Sources */,
				76CECB6B27732A6100A0119F /* UIViewController+Visibility.swift in Sources */,
				76CECB6127732A6100A0119F /* PopupDialogContainerView.swift in Sources */,
				76A72EC22771F750000A894B /* SceneDelegate.swift in Sources */,
				76CECB6427732A6100A0119F /* PopupDialogDefaultView.swift in Sources */,
				76CECB1F277323C700A0119F /* BaseCoordinator.swift in Sources */,
				76CECB6D27732A6100A0119F /* DynamicBlurView.swift in Sources */,
				76CECB17277322CF00A0119F /* IngredientTableViewCell.swift in Sources */,
				76CECB352773273200A0119F /* UIView+Extension.swift in Sources */,
				76CECB6227732A6100A0119F /* PopupDialogButton.swift in Sources */,
				76CECB27277324D200A0119F /* NewRecipeViewController.swift in Sources */,
				76CECB3A277328B600A0119F /* UIViewController+Extension.swift in Sources */,
				76CECB6327732A6100A0119F /* TransitionAnimator.swift in Sources */,
				76CECB0B27731FA700A0119F /* TotalDaily.swift in Sources */,
				76CECAF727731A7B00A0119F /* DetailsAnalyzeView.swift in Sources */,
				76CECAFC27731B7200A0119F /* NutritionTarget.swift in Sources */,
				76CECB5827732A6100A0119F /* CaptureQuality.swift in Sources */,
				76CECB312773262200A0119F /* AnalyzeDetailsViewController.swift in Sources */,
				76CECB5D27732A6100A0119F /* PopupDialog+Keyboard.swift in Sources */,
				76CECB21277323EF00A0119F /* NutritionCoordinator.swift in Sources */,
				76CECB0D27731FDA00A0119F /* TotalNutrientsKCal.swift in Sources */,
				76CECB0327731EA300A0119F /* NutritionAnalyzeResponse.swift in Sources */,
				76CECAFE27731DC500A0119F /* NutritionService.swift in Sources */,
				76CECB5927732A6100A0119F /* PresentationController.swift in Sources */,
				76CECB5727732A6100A0119F /* BlurLayer.swift in Sources */,
				76CECB5B27732A6100A0119F /* PopupDialogDefaultButtons.swift in Sources */,
				76CECB6827732A6100A0119F /* PresentationManager.swift in Sources */,
				76CECB6C27732A6100A0119F /* PopupDialogOverlayView.swift in Sources */,
				76CECB6027732A6100A0119F /* CGImage+Accelerate.swift in Sources */,
				76CECB0727731F5700A0119F /* BaseModelDouble.swift in Sources */,
				76CECB12277320F200A0119F /* NutritionViewController.swift in Sources */,
				76CECB142773213100A0119F /* HomePageState.swift in Sources */,
				76CECB5E27732A6100A0119F /* UIView+Animations.swift in Sources */,
			);
			runOnlyForDeploymentPostprocessing = 0;
		};
		76A72ECE2771F752000A894B /* Sources */ = {
			isa = PBXSourcesBuildPhase;
			buildActionMask = 2147483647;
			files = (
				76A72ED72771F752000A894B /* Nutrition_AnalysisTests.swift in Sources */,
			);
			runOnlyForDeploymentPostprocessing = 0;
		};
		76A72ED82771F752000A894B /* Sources */ = {
			isa = PBXSourcesBuildPhase;
			buildActionMask = 2147483647;
			files = (
				76A72EE12771F752000A894B /* Nutrition_AnalysisUITests.swift in Sources */,
				76A72EE32771F752000A894B /* Nutrition_AnalysisUITestsLaunchTests.swift in Sources */,
			);
			runOnlyForDeploymentPostprocessing = 0;
		};
/* End PBXSourcesBuildPhase section */

/* Begin PBXTargetDependency section */
		76A72ED42771F752000A894B /* PBXTargetDependency */ = {
			isa = PBXTargetDependency;
			target = 76A72EBB2771F750000A894B /* Nutrition Analysis */;
			targetProxy = 76A72ED32771F752000A894B /* PBXContainerItemProxy */;
		};
		76A72EDE2771F752000A894B /* PBXTargetDependency */ = {
			isa = PBXTargetDependency;
			target = 76A72EBB2771F750000A894B /* Nutrition Analysis */;
			targetProxy = 76A72EDD2771F752000A894B /* PBXContainerItemProxy */;
		};
/* End PBXTargetDependency section */

/* Begin PBXVariantGroup section */
		76A72EC52771F750000A894B /* Main.storyboard */ = {
			isa = PBXVariantGroup;
			children = (
				76A72EC62771F750000A894B /* Base */,
			);
			name = Main.storyboard;
			sourceTree = "<group>";
		};
		76A72ECA2771F751000A894B /* LaunchScreen.storyboard */ = {
			isa = PBXVariantGroup;
			children = (
				76A72ECB2771F751000A894B /* Base */,
			);
			name = LaunchScreen.storyboard;
			sourceTree = "<group>";
		};
/* End PBXVariantGroup section */

/* Begin XCBuildConfiguration section */
		76A72EE42771F752000A894B /* Debug */ = {
			isa = XCBuildConfiguration;
			buildSettings = {
				ALWAYS_SEARCH_USER_PATHS = NO;
				CLANG_ANALYZER_NONNULL = YES;
				CLANG_ANALYZER_NUMBER_OBJECT_CONVERSION = YES_AGGRESSIVE;
				CLANG_CXX_LANGUAGE_STANDARD = "gnu++17";
				CLANG_CXX_LIBRARY = "libc++";
				CLANG_ENABLE_MODULES = YES;
				CLANG_ENABLE_OBJC_ARC = YES;
				CLANG_ENABLE_OBJC_WEAK = YES;
				CLANG_WARN_BLOCK_CAPTURE_AUTORELEASING = YES;
				CLANG_WARN_BOOL_CONVERSION = YES;
				CLANG_WARN_COMMA = YES;
				CLANG_WARN_CONSTANT_CONVERSION = YES;
				CLANG_WARN_DEPRECATED_OBJC_IMPLEMENTATIONS = YES;
				CLANG_WARN_DIRECT_OBJC_ISA_USAGE = YES_ERROR;
				CLANG_WARN_DOCUMENTATION_COMMENTS = YES;
				CLANG_WARN_EMPTY_BODY = YES;
				CLANG_WARN_ENUM_CONVERSION = YES;
				CLANG_WARN_INFINITE_RECURSION = YES;
				CLANG_WARN_INT_CONVERSION = YES;
				CLANG_WARN_NON_LITERAL_NULL_CONVERSION = YES;
				CLANG_WARN_OBJC_IMPLICIT_RETAIN_SELF = YES;
				CLANG_WARN_OBJC_LITERAL_CONVERSION = YES;
				CLANG_WARN_OBJC_ROOT_CLASS = YES_ERROR;
				CLANG_WARN_QUOTED_INCLUDE_IN_FRAMEWORK_HEADER = YES;
				CLANG_WARN_RANGE_LOOP_ANALYSIS = YES;
				CLANG_WARN_STRICT_PROTOTYPES = YES;
				CLANG_WARN_SUSPICIOUS_MOVE = YES;
				CLANG_WARN_UNGUARDED_AVAILABILITY = YES_AGGRESSIVE;
				CLANG_WARN_UNREACHABLE_CODE = YES;
				CLANG_WARN__DUPLICATE_METHOD_MATCH = YES;
				COPY_PHASE_STRIP = NO;
				DEBUG_INFORMATION_FORMAT = dwarf;
				ENABLE_STRICT_OBJC_MSGSEND = YES;
				ENABLE_TESTABILITY = YES;
				GCC_C_LANGUAGE_STANDARD = gnu11;
				GCC_DYNAMIC_NO_PIC = NO;
				GCC_NO_COMMON_BLOCKS = YES;
				GCC_OPTIMIZATION_LEVEL = 0;
				GCC_PREPROCESSOR_DEFINITIONS = (
					"DEBUG=1",
					"$(inherited)",
				);
				GCC_WARN_64_TO_32_BIT_CONVERSION = YES;
				GCC_WARN_ABOUT_RETURN_TYPE = YES_ERROR;
				GCC_WARN_UNDECLARED_SELECTOR = YES;
				GCC_WARN_UNINITIALIZED_AUTOS = YES_AGGRESSIVE;
				GCC_WARN_UNUSED_FUNCTION = YES;
				GCC_WARN_UNUSED_VARIABLE = YES;
				IPHONEOS_DEPLOYMENT_TARGET = 15.0;
				MTL_ENABLE_DEBUG_INFO = INCLUDE_SOURCE;
				MTL_FAST_MATH = YES;
				ONLY_ACTIVE_ARCH = YES;
				SDKROOT = iphoneos;
				SWIFT_ACTIVE_COMPILATION_CONDITIONS = DEBUG;
				SWIFT_OPTIMIZATION_LEVEL = "-Onone";
			};
			name = Debug;
		};
		76A72EE52771F752000A894B /* Release */ = {
			isa = XCBuildConfiguration;
			buildSettings = {
				ALWAYS_SEARCH_USER_PATHS = NO;
				CLANG_ANALYZER_NONNULL = YES;
				CLANG_ANALYZER_NUMBER_OBJECT_CONVERSION = YES_AGGRESSIVE;
				CLANG_CXX_LANGUAGE_STANDARD = "gnu++17";
				CLANG_CXX_LIBRARY = "libc++";
				CLANG_ENABLE_MODULES = YES;
				CLANG_ENABLE_OBJC_ARC = YES;
				CLANG_ENABLE_OBJC_WEAK = YES;
				CLANG_WARN_BLOCK_CAPTURE_AUTORELEASING = YES;
				CLANG_WARN_BOOL_CONVERSION = YES;
				CLANG_WARN_COMMA = YES;
				CLANG_WARN_CONSTANT_CONVERSION = YES;
				CLANG_WARN_DEPRECATED_OBJC_IMPLEMENTATIONS = YES;
				CLANG_WARN_DIRECT_OBJC_ISA_USAGE = YES_ERROR;
				CLANG_WARN_DOCUMENTATION_COMMENTS = YES;
				CLANG_WARN_EMPTY_BODY = YES;
				CLANG_WARN_ENUM_CONVERSION = YES;
				CLANG_WARN_INFINITE_RECURSION = YES;
				CLANG_WARN_INT_CONVERSION = YES;
				CLANG_WARN_NON_LITERAL_NULL_CONVERSION = YES;
				CLANG_WARN_OBJC_IMPLICIT_RETAIN_SELF = YES;
				CLANG_WARN_OBJC_LITERAL_CONVERSION = YES;
				CLANG_WARN_OBJC_ROOT_CLASS = YES_ERROR;
				CLANG_WARN_QUOTED_INCLUDE_IN_FRAMEWORK_HEADER = YES;
				CLANG_WARN_RANGE_LOOP_ANALYSIS = YES;
				CLANG_WARN_STRICT_PROTOTYPES = YES;
				CLANG_WARN_SUSPICIOUS_MOVE = YES;
				CLANG_WARN_UNGUARDED_AVAILABILITY = YES_AGGRESSIVE;
				CLANG_WARN_UNREACHABLE_CODE = YES;
				CLANG_WARN__DUPLICATE_METHOD_MATCH = YES;
				COPY_PHASE_STRIP = NO;
				DEBUG_INFORMATION_FORMAT = "dwarf-with-dsym";
				ENABLE_NS_ASSERTIONS = NO;
				ENABLE_STRICT_OBJC_MSGSEND = YES;
				GCC_C_LANGUAGE_STANDARD = gnu11;
				GCC_NO_COMMON_BLOCKS = YES;
				GCC_WARN_64_TO_32_BIT_CONVERSION = YES;
				GCC_WARN_ABOUT_RETURN_TYPE = YES_ERROR;
				GCC_WARN_UNDECLARED_SELECTOR = YES;
				GCC_WARN_UNINITIALIZED_AUTOS = YES_AGGRESSIVE;
				GCC_WARN_UNUSED_FUNCTION = YES;
				GCC_WARN_UNUSED_VARIABLE = YES;
				IPHONEOS_DEPLOYMENT_TARGET = 15.0;
				MTL_ENABLE_DEBUG_INFO = NO;
				MTL_FAST_MATH = YES;
				SDKROOT = iphoneos;
				SWIFT_COMPILATION_MODE = wholemodule;
				SWIFT_OPTIMIZATION_LEVEL = "-O";
				VALIDATE_PRODUCT = YES;
			};
			name = Release;
		};
		76A72EE72771F752000A894B /* Debug */ = {
			isa = XCBuildConfiguration;
			baseConfigurationReference = F43B82CCA693C1AFB6909789 /* Pods-Nutrition Analysis.debug.xcconfig */;
			buildSettings = {
				ASSETCATALOG_COMPILER_APPICON_NAME = AppIcon;
				ASSETCATALOG_COMPILER_GLOBAL_ACCENT_COLOR_NAME = AccentColor;
				CODE_SIGN_STYLE = Automatic;
				CURRENT_PROJECT_VERSION = 1;
				GENERATE_INFOPLIST_FILE = YES;
				INFOPLIST_FILE = "Nutrition Analysis/Info.plist";
				INFOPLIST_KEY_UIApplicationSupportsIndirectInputEvents = YES;
				INFOPLIST_KEY_UILaunchStoryboardName = LaunchScreen;
				INFOPLIST_KEY_UIMainStoryboardFile = Main;
				INFOPLIST_KEY_UISupportedInterfaceOrientations_iPad = "UIInterfaceOrientationPortrait UIInterfaceOrientationPortraitUpsideDown UIInterfaceOrientationLandscapeLeft UIInterfaceOrientationLandscapeRight";
				INFOPLIST_KEY_UISupportedInterfaceOrientations_iPhone = "UIInterfaceOrientationPortrait UIInterfaceOrientationLandscapeLeft UIInterfaceOrientationLandscapeRight";
				LD_RUNPATH_SEARCH_PATHS = (
					"$(inherited)",
					"@executable_path/Frameworks",
				);
				MARKETING_VERSION = 1.0;
				PRODUCT_BUNDLE_IDENTIFIER = "com.samehfarouk.Nutrition-Analysis";
				PRODUCT_NAME = "$(TARGET_NAME)";
				SWIFT_EMIT_LOC_STRINGS = YES;
				SWIFT_VERSION = 5.0;
				TARGETED_DEVICE_FAMILY = "1,2";
			};
			name = Debug;
		};
		76A72EE82771F752000A894B /* Release */ = {
			isa = XCBuildConfiguration;
			baseConfigurationReference = 86A360DC21BF160081C3821E /* Pods-Nutrition Analysis.release.xcconfig */;
			buildSettings = {
				ASSETCATALOG_COMPILER_APPICON_NAME = AppIcon;
				ASSETCATALOG_COMPILER_GLOBAL_ACCENT_COLOR_NAME = AccentColor;
				CODE_SIGN_STYLE = Automatic;
				CURRENT_PROJECT_VERSION = 1;
				GENERATE_INFOPLIST_FILE = YES;
				INFOPLIST_FILE = "Nutrition Analysis/Info.plist";
				INFOPLIST_KEY_UIApplicationSupportsIndirectInputEvents = YES;
				INFOPLIST_KEY_UILaunchStoryboardName = LaunchScreen;
				INFOPLIST_KEY_UIMainStoryboardFile = Main;
				INFOPLIST_KEY_UISupportedInterfaceOrientations_iPad = "UIInterfaceOrientationPortrait UIInterfaceOrientationPortraitUpsideDown UIInterfaceOrientationLandscapeLeft UIInterfaceOrientationLandscapeRight";
				INFOPLIST_KEY_UISupportedInterfaceOrientations_iPhone = "UIInterfaceOrientationPortrait UIInterfaceOrientationLandscapeLeft UIInterfaceOrientationLandscapeRight";
				LD_RUNPATH_SEARCH_PATHS = (
					"$(inherited)",
					"@executable_path/Frameworks",
				);
				MARKETING_VERSION = 1.0;
				PRODUCT_BUNDLE_IDENTIFIER = "com.samehfarouk.Nutrition-Analysis";
				PRODUCT_NAME = "$(TARGET_NAME)";
				SWIFT_EMIT_LOC_STRINGS = YES;
				SWIFT_VERSION = 5.0;
				TARGETED_DEVICE_FAMILY = "1,2";
			};
			name = Release;
		};
		76A72EEA2771F752000A894B /* Debug */ = {
			isa = XCBuildConfiguration;
			baseConfigurationReference = 683D0841A87C03FE505244D8 /* Pods-Nutrition AnalysisTests.debug.xcconfig */;
			buildSettings = {
				ALWAYS_EMBED_SWIFT_STANDARD_LIBRARIES = YES;
				BUNDLE_LOADER = "$(TEST_HOST)";
				CODE_SIGN_STYLE = Automatic;
				CURRENT_PROJECT_VERSION = 1;
				GENERATE_INFOPLIST_FILE = YES;
				IPHONEOS_DEPLOYMENT_TARGET = 15.0;
				LD_RUNPATH_SEARCH_PATHS = (
					"$(inherited)",
					"@executable_path/Frameworks",
					"@loader_path/Frameworks",
				);
				MARKETING_VERSION = 1.0;
				PRODUCT_BUNDLE_IDENTIFIER = "com.samehfarouk.Nutrition-AnalysisTests";
				PRODUCT_NAME = "$(TARGET_NAME)";
				SWIFT_EMIT_LOC_STRINGS = NO;
				SWIFT_VERSION = 5.0;
				TARGETED_DEVICE_FAMILY = "1,2";
				TEST_HOST = "$(BUILT_PRODUCTS_DIR)/Nutrition Analysis.app/Nutrition Analysis";
			};
			name = Debug;
		};
		76A72EEB2771F752000A894B /* Release */ = {
			isa = XCBuildConfiguration;
			baseConfigurationReference = 11FA22FEB663845633E1B91D /* Pods-Nutrition AnalysisTests.release.xcconfig */;
			buildSettings = {
				ALWAYS_EMBED_SWIFT_STANDARD_LIBRARIES = YES;
				BUNDLE_LOADER = "$(TEST_HOST)";
				CODE_SIGN_STYLE = Automatic;
				CURRENT_PROJECT_VERSION = 1;
				GENERATE_INFOPLIST_FILE = YES;
				IPHONEOS_DEPLOYMENT_TARGET = 15.0;
				LD_RUNPATH_SEARCH_PATHS = (
					"$(inherited)",
					"@executable_path/Frameworks",
					"@loader_path/Frameworks",
				);
				MARKETING_VERSION = 1.0;
				PRODUCT_BUNDLE_IDENTIFIER = "com.samehfarouk.Nutrition-AnalysisTests";
				PRODUCT_NAME = "$(TARGET_NAME)";
				SWIFT_EMIT_LOC_STRINGS = NO;
				SWIFT_VERSION = 5.0;
				TARGETED_DEVICE_FAMILY = "1,2";
				TEST_HOST = "$(BUILT_PRODUCTS_DIR)/Nutrition Analysis.app/Nutrition Analysis";
			};
			name = Release;
		};
		76A72EED2771F752000A894B /* Debug */ = {
			isa = XCBuildConfiguration;
			baseConfigurationReference = F3C283B9D6BC62B9AE926647 /* Pods-Nutrition Analysis-Nutrition AnalysisUITests.debug.xcconfig */;
			buildSettings = {
				ALWAYS_EMBED_SWIFT_STANDARD_LIBRARIES = YES;
				CODE_SIGN_STYLE = Automatic;
				CURRENT_PROJECT_VERSION = 1;
				GENERATE_INFOPLIST_FILE = YES;
				LD_RUNPATH_SEARCH_PATHS = (
					"$(inherited)",
					"@executable_path/Frameworks",
					"@loader_path/Frameworks",
				);
				MARKETING_VERSION = 1.0;
				PRODUCT_BUNDLE_IDENTIFIER = "com.samehfarouk.Nutrition-AnalysisUITests";
				PRODUCT_NAME = "$(TARGET_NAME)";
				SWIFT_EMIT_LOC_STRINGS = NO;
				SWIFT_VERSION = 5.0;
				TARGETED_DEVICE_FAMILY = "1,2";
				TEST_TARGET_NAME = "Nutrition Analysis";
			};
			name = Debug;
		};
		76A72EEE2771F752000A894B /* Release */ = {
			isa = XCBuildConfiguration;
			baseConfigurationReference = 601A2AA4B4BE45E5B6B19D31 /* Pods-Nutrition Analysis-Nutrition AnalysisUITests.release.xcconfig */;
			buildSettings = {
				ALWAYS_EMBED_SWIFT_STANDARD_LIBRARIES = YES;
				CODE_SIGN_STYLE = Automatic;
				CURRENT_PROJECT_VERSION = 1;
				GENERATE_INFOPLIST_FILE = YES;
				LD_RUNPATH_SEARCH_PATHS = (
					"$(inherited)",
					"@executable_path/Frameworks",
					"@loader_path/Frameworks",
				);
				MARKETING_VERSION = 1.0;
				PRODUCT_BUNDLE_IDENTIFIER = "com.samehfarouk.Nutrition-AnalysisUITests";
				PRODUCT_NAME = "$(TARGET_NAME)";
				SWIFT_EMIT_LOC_STRINGS = NO;
				SWIFT_VERSION = 5.0;
				TARGETED_DEVICE_FAMILY = "1,2";
				TEST_TARGET_NAME = "Nutrition Analysis";
			};
			name = Release;
		};
/* End XCBuildConfiguration section */

/* Begin XCConfigurationList section */
		76A72EB72771F750000A894B /* Build configuration list for PBXProject "Nutrition Analysis" */ = {
			isa = XCConfigurationList;
			buildConfigurations = (
				76A72EE42771F752000A894B /* Debug */,
				76A72EE52771F752000A894B /* Release */,
			);
			defaultConfigurationIsVisible = 0;
			defaultConfigurationName = Release;
		};
		76A72EE62771F752000A894B /* Build configuration list for PBXNativeTarget "Nutrition Analysis" */ = {
			isa = XCConfigurationList;
			buildConfigurations = (
				76A72EE72771F752000A894B /* Debug */,
				76A72EE82771F752000A894B /* Release */,
			);
			defaultConfigurationIsVisible = 0;
			defaultConfigurationName = Release;
		};
		76A72EE92771F752000A894B /* Build configuration list for PBXNativeTarget "Nutrition AnalysisTests" */ = {
			isa = XCConfigurationList;
			buildConfigurations = (
				76A72EEA2771F752000A894B /* Debug */,
				76A72EEB2771F752000A894B /* Release */,
			);
			defaultConfigurationIsVisible = 0;
			defaultConfigurationName = Release;
		};
		76A72EEC2771F752000A894B /* Build configuration list for PBXNativeTarget "Nutrition AnalysisUITests" */ = {
			isa = XCConfigurationList;
			buildConfigurations = (
				76A72EED2771F752000A894B /* Debug */,
				76A72EEE2771F752000A894B /* Release */,
			);
			defaultConfigurationIsVisible = 0;
			defaultConfigurationName = Release;
		};
/* End XCConfigurationList section */
	};
	rootObject = 76A72EB42771F750000A894B /* Project object */;
}
